
Microsoft Visual Studio Solution File, Format Version 12.00
# Visual Studio Version 17
VisualStudioVersion = 17.5.33627.172
MinimumVisualStudioVersion = 10.0.40219.1
Project("{FAE04EC0-301F-11D3-BF4B-00C04F79EFBC}") = "WebApiMaghazia", "WebApiMaghazia\WebApiMaghazia.csproj", "{2774F008-78A3-40F0-9B5B-7CE273115A9C}"
EndProject
Global
	GlobalSection(SolutionConfigurationPlatforms) = preSolution
		Debug|Any CPU = Debug|Any CPU
		Release|Any CPU = Release|Any CPU
	EndGlobalSection
	GlobalSection(ProjectConfigurationPlatforms) = postSolution
		{2774F008-78A3-40F0-9B5B-7CE273115A9C}.Debug|Any CPU.ActiveCfg = Debug|Any CPU
		{2774F008-78A3-40F0-9B5B-7CE273115A9C}.Debug|Any CPU.Build.0 = Debug|Any CPU
		{2774F008-78A3-40F0-9B5B-7CE273115A9C}.Release|Any CPU.ActiveCfg = Release|Any CPU
		{2774F008-78A3-40F0-9B5B-7CE273115A9C}.Release|Any CPU.Build.0 = Release|Any CPU
	EndGlobalSection
	GlobalSection(SolutionProperties) = preSolution
		HideSolutionNode = FALSE
	EndGlobalSection
	GlobalSection(ExtensibilityGlobals) = postSolution
		SolutionGuid = {07E7CF6C-4B24-4341-AFCF-BCE3B9CC8CED}
	EndGlobalSection
EndGlobal
